// !$*UTF8*$!
{
	archiveVersion = 1;
	classes = {
	};
	objectVersion = 51;
	objects = {

/* Begin PBXBuildFile section */
		D7DBFB00CCA6C2C8EC126300 /* Pods_To_Do_Firebase.framework in Frameworks */ = {isa = PBXBuildFile; fileRef = FEA80FA83161234A7AABE789 /* Pods_To_Do_Firebase.framework */; };
		FB37C2B92453B84600631155 /* TaskRepository.swift in Sources */ = {isa = PBXBuildFile; fileRef = FB37C2B82453B84600631155 /* TaskRepository.swift */; };
		FB37C2BB2453CB0700631155 /* GoogleService-Info.plist in Resources */ = {isa = PBXBuildFile; fileRef = FB37C2BA2453CB0700631155 /* GoogleService-Info.plist */; };
		FB37C2BD24546F3200631155 /* SigninWithAppleButton.swift in Sources */ = {isa = PBXBuildFile; fileRef = FB37C2BC24546F3200631155 /* SigninWithAppleButton.swift */; };
		FB37C2BF24546FD400631155 /* SigninView.swift in Sources */ = {isa = PBXBuildFile; fileRef = FB37C2BE24546FD400631155 /* SigninView.swift */; };
		FB710B1624534ABC0018D119 /* AppDelegate.swift in Sources */ = {isa = PBXBuildFile; fileRef = FB710B1524534ABC0018D119 /* AppDelegate.swift */; };
		FB710B1824534ABC0018D119 /* SceneDelegate.swift in Sources */ = {isa = PBXBuildFile; fileRef = FB710B1724534ABC0018D119 /* SceneDelegate.swift */; };
		FB710B1A24534ABC0018D119 /* TaskListView.swift in Sources */ = {isa = PBXBuildFile; fileRef = FB710B1924534ABC0018D119 /* TaskListView.swift */; };
		FB710B1C24534ABE0018D119 /* Assets.xcassets in Resources */ = {isa = PBXBuildFile; fileRef = FB710B1B24534ABE0018D119 /* Assets.xcassets */; };
		FB710B1F24534ABE0018D119 /* Preview Assets.xcassets in Resources */ = {isa = PBXBuildFile; fileRef = FB710B1E24534ABE0018D119 /* Preview Assets.xcassets */; };
		FB710B2224534ABE0018D119 /* LaunchScreen.storyboard in Resources */ = {isa = PBXBuildFile; fileRef = FB710B2024534ABE0018D119 /* LaunchScreen.storyboard */; };
		FB710B2B24534B650018D119 /* Task.swift in Sources */ = {isa = PBXBuildFile; fileRef = FB710B2A24534B650018D119 /* Task.swift */; };
		FBE72899245475BD003E5A81 /* SigninWithAppleCoordinator.swift in Sources */ = {isa = PBXBuildFile; fileRef = FBE72898245475BD003E5A81 /* SigninWithAppleCoordinator.swift */; };
		FBEF86322453819E0008B070 /* TaskCellViewModel.swift in Sources */ = {isa = PBXBuildFile; fileRef = FBEF86312453819E0008B070 /* TaskCellViewModel.swift */; };
		FBEF86352453834B0008B070 /* TaskListViewModel.swift in Sources */ = {isa = PBXBuildFile; fileRef = FBEF86342453834B0008B070 /* TaskListViewModel.swift */; };
/* End PBXBuildFile section */

/* Begin PBXFileReference section */
		CD91A44821A2FB04B555A3A9 /* Pods-To-Do-Firebase.debug.xcconfig */ = {isa = PBXFileReference; includeInIndex = 1; lastKnownFileType = text.xcconfig; name = "Pods-To-Do-Firebase.debug.xcconfig"; path = "Target Support Files/Pods-To-Do-Firebase/Pods-To-Do-Firebase.debug.xcconfig"; sourceTree = "<group>"; };
		F1F773723D9A50819B877483 /* Pods-To-Do-Firebase.release.xcconfig */ = {isa = PBXFileReference; includeInIndex = 1; lastKnownFileType = text.xcconfig; name = "Pods-To-Do-Firebase.release.xcconfig"; path = "Target Support Files/Pods-To-Do-Firebase/Pods-To-Do-Firebase.release.xcconfig"; sourceTree = "<group>"; };
		FB37C2B82453B84600631155 /* TaskRepository.swift */ = {isa = PBXFileReference; lastKnownFileType = sourcecode.swift; path = TaskRepository.swift; sourceTree = "<group>"; };
		FB37C2BA2453CB0700631155 /* GoogleService-Info.plist */ = {isa = PBXFileReference; fileEncoding = 4; lastKnownFileType = text.plist.xml; path = "GoogleService-Info.plist"; sourceTree = "<group>"; };
		FB37C2BC24546F3200631155 /* SigninWithAppleButton.swift */ = {isa = PBXFileReference; lastKnownFileType = sourcecode.swift; path = SigninWithAppleButton.swift; sourceTree = "<group>"; };
		FB37C2BE24546FD400631155 /* SigninView.swift */ = {isa = PBXFileReference; lastKnownFileType = sourcecode.swift; path = SigninView.swift; sourceTree = "<group>"; };
		FB710B1224534ABC0018D119 /* To Do List.app */ = {isa = PBXFileReference; explicitFileType = wrapper.application; includeInIndex = 0; path = "To Do List.app"; sourceTree = BUILT_PRODUCTS_DIR; };
		FB710B1524534ABC0018D119 /* AppDelegate.swift */ = {isa = PBXFileReference; lastKnownFileType = sourcecode.swift; path = AppDelegate.swift; sourceTree = "<group>"; };
		FB710B1724534ABC0018D119 /* SceneDelegate.swift */ = {isa = PBXFileReference; lastKnownFileType = sourcecode.swift; path = SceneDelegate.swift; sourceTree = "<group>"; };
		FB710B1924534ABC0018D119 /* TaskListView.swift */ = {isa = PBXFileReference; lastKnownFileType = sourcecode.swift; path = TaskListView.swift; sourceTree = "<group>"; };
		FB710B1B24534ABE0018D119 /* Assets.xcassets */ = {isa = PBXFileReference; lastKnownFileType = folder.assetcatalog; path = Assets.xcassets; sourceTree = "<group>"; };
		FB710B1E24534ABE0018D119 /* Preview Assets.xcassets */ = {isa = PBXFileReference; lastKnownFileType = folder.assetcatalog; path = "Preview Assets.xcassets"; sourceTree = "<group>"; };
		FB710B2124534ABE0018D119 /* Base */ = {isa = PBXFileReference; lastKnownFileType = file.storyboard; name = Base; path = Base.lproj/LaunchScreen.storyboard; sourceTree = "<group>"; };
		FB710B2324534ABE0018D119 /* Info.plist */ = {isa = PBXFileReference; lastKnownFileType = text.plist.xml; path = Info.plist; sourceTree = "<group>"; };
		FB710B2A24534B650018D119 /* Task.swift */ = {isa = PBXFileReference; lastKnownFileType = sourcecode.swift; path = Task.swift; sourceTree = "<group>"; };
		FBE72898245475BD003E5A81 /* SigninWithAppleCoordinator.swift */ = {isa = PBXFileReference; lastKnownFileType = sourcecode.swift; path = SigninWithAppleCoordinator.swift; sourceTree = "<group>"; };
		FBEF86312453819E0008B070 /* TaskCellViewModel.swift */ = {isa = PBXFileReference; lastKnownFileType = sourcecode.swift; path = TaskCellViewModel.swift; sourceTree = "<group>"; };
		FBEF86342453834B0008B070 /* TaskListViewModel.swift */ = {isa = PBXFileReference; lastKnownFileType = sourcecode.swift; path = TaskListViewModel.swift; sourceTree = "<group>"; };
		FEA80FA83161234A7AABE789 /* Pods_To_Do_Firebase.framework */ = {isa = PBXFileReference; explicitFileType = wrapper.framework; includeInIndex = 0; path = Pods_To_Do_Firebase.framework; sourceTree = BUILT_PRODUCTS_DIR; };
/* End PBXFileReference section */

/* Begin PBXFrameworksBuildPhase section */
		FB710B0F24534ABC0018D119 /* Frameworks */ = {
			isa = PBXFrameworksBuildPhase;
			buildActionMask = 2147483647;
			files = (
				D7DBFB00CCA6C2C8EC126300 /* Pods_To_Do_Firebase.framework in Frameworks */,
			);
			runOnlyForDeploymentPostprocessing = 0;
		};
/* End PBXFrameworksBuildPhase section */

/* Begin PBXGroup section */
		2F203BEC857A0C730272914E /* Frameworks */ = {
			isa = PBXGroup;
			children = (
				FEA80FA83161234A7AABE789 /* Pods_To_Do_Firebase.framework */,
			);
			name = Frameworks;
			sourceTree = "<group>";
		};
		340652F09FECFFEF6DF8CFBC /* Pods */ = {
			isa = PBXGroup;
			children = (
				CD91A44821A2FB04B555A3A9 /* Pods-To-Do-Firebase.debug.xcconfig */,
				F1F773723D9A50819B877483 /* Pods-To-Do-Firebase.release.xcconfig */,
			);
			path = Pods;
			sourceTree = "<group>";
		};
		FB37C2B72453B81B00631155 /* Repositories */ = {
			isa = PBXGroup;
			children = (
				FB37C2B82453B84600631155 /* TaskRepository.swift */,
			);
			path = Repositories;
			sourceTree = "<group>";
		};
		FB710B0924534ABC0018D119 = {
			isa = PBXGroup;
			children = (
				FB710B1424534ABC0018D119 /* To-Do-Firebase */,
				FB710B1324534ABC0018D119 /* Products */,
				340652F09FECFFEF6DF8CFBC /* Pods */,
				2F203BEC857A0C730272914E /* Frameworks */,
			);
			sourceTree = "<group>";
		};
		FB710B1324534ABC0018D119 /* Products */ = {
			isa = PBXGroup;
			children = (
				FB710B1224534ABC0018D119 /* To Do List.app */,
			);
			name = Products;
			sourceTree = "<group>";
		};
		FB710B1424534ABC0018D119 /* To-Do-Firebase */ = {
			isa = PBXGroup;
			children = (
				FB710B2C24534CE40018D119 /* App */,
				FBE72897245475AB003E5A81 /* Services */,
				FB37C2B72453B81B00631155 /* Repositories */,
				FB710B2924534B4F0018D119 /* Model */,
				FBEF8633245381A20008B070 /* ViewModels */,
				FB710B2D24534CEA0018D119 /* Views */,
				FB710B1B24534ABE0018D119 /* Assets.xcassets */,
				FB710B2024534ABE0018D119 /* LaunchScreen.storyboard */,
				FB710B2324534ABE0018D119 /* Info.plist */,
				FB37C2BA2453CB0700631155 /* GoogleService-Info.plist */,
				FB710B1D24534ABE0018D119 /* Preview Content */,
			);
			path = "To-Do-Firebase";
			sourceTree = "<group>";
		};
		FB710B1D24534ABE0018D119 /* Preview Content */ = {
			isa = PBXGroup;
			children = (
				FB710B1E24534ABE0018D119 /* Preview Assets.xcassets */,
			);
			path = "Preview Content";
			sourceTree = "<group>";
		};
		FB710B2924534B4F0018D119 /* Model */ = {
			isa = PBXGroup;
			children = (
				FB710B2A24534B650018D119 /* Task.swift */,
			);
			path = Model;
			sourceTree = "<group>";
		};
		FB710B2C24534CE40018D119 /* App */ = {
			isa = PBXGroup;
			children = (
				FB710B1524534ABC0018D119 /* AppDelegate.swift */,
				FB710B1724534ABC0018D119 /* SceneDelegate.swift */,
			);
			path = App;
			sourceTree = "<group>";
		};
		FB710B2D24534CEA0018D119 /* Views */ = {
			isa = PBXGroup;
			children = (
				FB710B1924534ABC0018D119 /* TaskListView.swift */,
				FB37C2BC24546F3200631155 /* SigninWithAppleButton.swift */,
				FB37C2BE24546FD400631155 /* SigninView.swift */,
			);
			path = Views;
			sourceTree = "<group>";
		};
		FBE72897245475AB003E5A81 /* Services */ = {
			isa = PBXGroup;
			children = (
				FBE72898245475BD003E5A81 /* SigninWithAppleCoordinator.swift */,
			);
			path = Services;
			sourceTree = "<group>";
		};
		FBEF8633245381A20008B070 /* ViewModels */ = {
			isa = PBXGroup;
			children = (
				FBEF86312453819E0008B070 /* TaskCellViewModel.swift */,
				FBEF86342453834B0008B070 /* TaskListViewModel.swift */,
			);
			path = ViewModels;
			sourceTree = "<group>";
		};
/* End PBXGroup section */

/* Begin PBXNativeTarget section */
		FB710B1124534ABC0018D119 /* To-Do-Firebase */ = {
			isa = PBXNativeTarget;
			buildConfigurationList = FB710B2624534ABE0018D119 /* Build configuration list for PBXNativeTarget "To-Do-Firebase" */;
			buildPhases = (
				3EB50830D418FBD3BB7C821C /* [CP] Check Pods Manifest.lock */,
				FB710B0E24534ABC0018D119 /* Sources */,
				FB710B0F24534ABC0018D119 /* Frameworks */,
				FB710B1024534ABC0018D119 /* Resources */,
				ADF44EEE4C2D8DA36C77BF0E /* [CP] Embed Pods Frameworks */,
			);
			buildRules = (
			);
			dependencies = (
			);
			name = "To-Do-Firebase";
			productName = "To-Do-Firebase";
			productReference = FB710B1224534ABC0018D119 /* To Do List.app */;
			productType = "com.apple.product-type.application";
		};
/* End PBXNativeTarget section */

/* Begin PBXProject section */
		FB710B0A24534ABC0018D119 /* Project object */ = {
			isa = PBXProject;
			attributes = {
				LastSwiftUpdateCheck = 1130;
				LastUpgradeCheck = 1130;
				ORGANIZATIONNAME = "New York University";
				TargetAttributes = {
					FB710B1124534ABC0018D119 = {
						CreatedOnToolsVersion = 11.3;
					};
				};
			};
			buildConfigurationList = FB710B0D24534ABC0018D119 /* Build configuration list for PBXProject "To-Do-Firebase" */;
			compatibilityVersion = "Xcode 9.3";
			developmentRegion = en;
			hasScannedForEncodings = 0;
			knownRegions = (
				en,
				Base,
			);
			mainGroup = FB710B0924534ABC0018D119;
			productRefGroup = FB710B1324534ABC0018D119 /* Products */;
			projectDirPath = "";
			projectRoot = "";
			targets = (
				FB710B1124534ABC0018D119 /* To-Do-Firebase */,
			);
		};
/* End PBXProject section */

/* Begin PBXResourcesBuildPhase section */
		FB710B1024534ABC0018D119 /* Resources */ = {
			isa = PBXResourcesBuildPhase;
			buildActionMask = 2147483647;
			files = (
				FB710B2224534ABE0018D119 /* LaunchScreen.storyboard in Resources */,
				FB37C2BB2453CB0700631155 /* GoogleService-Info.plist in Resources */,
				FB710B1F24534ABE0018D119 /* Preview Assets.xcassets in Resources */,
				FB710B1C24534ABE0018D119 /* Assets.xcassets in Resources */,
			);
			runOnlyForDeploymentPostprocessing = 0;
		};
/* End PBXResourcesBuildPhase section */

/* Begin PBXShellScriptBuildPhase section */
		3EB50830D418FBD3BB7C821C /* [CP] Check Pods Manifest.lock */ = {
			isa = PBXShellScriptBuildPhase;
			buildActionMask = 2147483647;
			files = (
			);
			inputFileListPaths = (
			);
			inputPaths = (
				"${PODS_PODFILE_DIR_PATH}/Podfile.lock",
				"${PODS_ROOT}/Manifest.lock",
			);
			name = "[CP] Check Pods Manifest.lock";
			outputFileListPaths = (
			);
			outputPaths = (
				"$(DERIVED_FILE_DIR)/Pods-To-Do-Firebase-checkManifestLockResult.txt",
			);
			runOnlyForDeploymentPostprocessing = 0;
			shellPath = /bin/sh;
			shellScript = "diff \"${PODS_PODFILE_DIR_PATH}/Podfile.lock\" \"${PODS_ROOT}/Manifest.lock\" > /dev/null\nif [ $? != 0 ] ; then\n    # print error to STDERR\n    echo \"error: The sandbox is not in sync with the Podfile.lock. Run 'pod install' or update your CocoaPods installation.\" >&2\n    exit 1\nfi\n# This output is used by Xcode 'outputs' to avoid re-running this script phase.\necho \"SUCCESS\" > \"${SCRIPT_OUTPUT_FILE_0}\"\n";
			showEnvVarsInLog = 0;
		};
		ADF44EEE4C2D8DA36C77BF0E /* [CP] Embed Pods Frameworks */ = {
			isa = PBXShellScriptBuildPhase;
			buildActionMask = 2147483647;
			files = (
			);
			inputFileListPaths = (
				"${PODS_ROOT}/Target Support Files/Pods-To-Do-Firebase/Pods-To-Do-Firebase-frameworks-${CONFIGURATION}-input-files.xcfilelist",
			);
			name = "[CP] Embed Pods Frameworks";
			outputFileListPaths = (
				"${PODS_ROOT}/Target Support Files/Pods-To-Do-Firebase/Pods-To-Do-Firebase-frameworks-${CONFIGURATION}-output-files.xcfilelist",
			);
			runOnlyForDeploymentPostprocessing = 0;
			shellPath = /bin/sh;
			shellScript = "\"${PODS_ROOT}/Target Support Files/Pods-To-Do-Firebase/Pods-To-Do-Firebase-frameworks.sh\"\n";
			showEnvVarsInLog = 0;
		};
/* End PBXShellScriptBuildPhase section */

/* Begin PBXSourcesBuildPhase section */
		FB710B0E24534ABC0018D119 /* Sources */ = {
			isa = PBXSourcesBuildPhase;
			buildActionMask = 2147483647;
			files = (
				FBE72899245475BD003E5A81 /* SigninWithAppleCoordinator.swift in Sources */,
				FB37C2BD24546F3200631155 /* SigninWithAppleButton.swift in Sources */,
				FB710B2B24534B650018D119 /* Task.swift in Sources */,
				FB37C2BF24546FD400631155 /* SigninView.swift in Sources */,
				FB710B1624534ABC0018D119 /* AppDelegate.swift in Sources */,
				FB710B1824534ABC0018D119 /* SceneDelegate.swift in Sources */,
				FB710B1A24534ABC0018D119 /* TaskListView.swift in Sources */,
				FBEF86322453819E0008B070 /* TaskCellViewModel.swift in Sources */,
				FBEF86352453834B0008B070 /* TaskListViewModel.swift in Sources */,
				FB37C2B92453B84600631155 /* TaskRepository.swift in Sources */,
			);
			runOnlyForDeploymentPostprocessing = 0;
		};
/* End PBXSourcesBuildPhase section */

/* Begin PBXVariantGroup section */
		FB710B2024534ABE0018D119 /* LaunchScreen.storyboard */ = {
			isa = PBXVariantGroup;
			children = (
				FB710B2124534ABE0018D119 /* Base */,
			);
			name = LaunchScreen.storyboard;
			sourceTree = "<group>";
		};
/* End PBXVariantGroup section */

/* Begin XCBuildConfiguration section */
		FB710B2424534ABE0018D119 /* Debug */ = {
			isa = XCBuildConfiguration;
			buildSettings = {
				ALWAYS_SEARCH_USER_PATHS = NO;
				CLANG_ANALYZER_NONNULL = YES;
				CLANG_ANALYZER_NUMBER_OBJECT_CONVERSION = YES_AGGRESSIVE;
				CLANG_CXX_LANGUAGE_STANDARD = "gnu++14";
				CLANG_CXX_LIBRARY = "libc++";
				CLANG_ENABLE_MODULES = YES;
				CLANG_ENABLE_OBJC_ARC = YES;
				CLANG_ENABLE_OBJC_WEAK = YES;
				CLANG_WARN_BLOCK_CAPTURE_AUTORELEASING = YES;
				CLANG_WARN_BOOL_CONVERSION = YES;
				CLANG_WARN_COMMA = YES;
				CLANG_WARN_CONSTANT_CONVERSION = YES;
				CLANG_WARN_DEPRECATED_OBJC_IMPLEMENTATIONS = YES;
				CLANG_WARN_DIRECT_OBJC_ISA_USAGE = YES_ERROR;
				CLANG_WARN_DOCUMENTATION_COMMENTS = YES;
				CLANG_WARN_EMPTY_BODY = YES;
				CLANG_WARN_ENUM_CONVERSION = YES;
				CLANG_WARN_INFINITE_RECURSION = YES;
				CLANG_WARN_INT_CONVERSION = YES;
				CLANG_WARN_NON_LITERAL_NULL_CONVERSION = YES;
				CLANG_WARN_OBJC_IMPLICIT_RETAIN_SELF = YES;
				CLANG_WARN_OBJC_LITERAL_CONVERSION = YES;
				CLANG_WARN_OBJC_ROOT_CLASS = YES_ERROR;
				CLANG_WARN_RANGE_LOOP_ANALYSIS = YES;
				CLANG_WARN_STRICT_PROTOTYPES = YES;
				CLANG_WARN_SUSPICIOUS_MOVE = YES;
				CLANG_WARN_UNGUARDED_AVAILABILITY = YES_AGGRESSIVE;
				CLANG_WARN_UNREACHABLE_CODE = YES;
				CLANG_WARN__DUPLICATE_METHOD_MATCH = YES;
				COPY_PHASE_STRIP = NO;
				DEBUG_INFORMATION_FORMAT = dwarf;
				ENABLE_STRICT_OBJC_MSGSEND = YES;
				ENABLE_TESTABILITY = YES;
				GCC_C_LANGUAGE_STANDARD = gnu11;
				GCC_DYNAMIC_NO_PIC = NO;
				GCC_NO_COMMON_BLOCKS = YES;
				GCC_OPTIMIZATION_LEVEL = 0;
				GCC_PREPROCESSOR_DEFINITIONS = (
					"DEBUG=1",
					"$(inherited)",
				);
				GCC_WARN_64_TO_32_BIT_CONVERSION = YES;
				GCC_WARN_ABOUT_RETURN_TYPE = YES_ERROR;
				GCC_WARN_UNDECLARED_SELECTOR = YES;
				GCC_WARN_UNINITIALIZED_AUTOS = YES_AGGRESSIVE;
				GCC_WARN_UNUSED_FUNCTION = YES;
				GCC_WARN_UNUSED_VARIABLE = YES;
				IPHONEOS_DEPLOYMENT_TARGET = 13.1;
				MTL_ENABLE_DEBUG_INFO = INCLUDE_SOURCE;
				MTL_FAST_MATH = YES;
				ONLY_ACTIVE_ARCH = YES;
				SDKROOT = iphoneos;
				SWIFT_ACTIVE_COMPILATION_CONDITIONS = DEBUG;
				SWIFT_OPTIMIZATION_LEVEL = "-Onone";
			};
			name = Debug;
		};
		FB710B2524534ABE0018D119 /* Release */ = {
			isa = XCBuildConfiguration;
			buildSettings = {
				ALWAYS_SEARCH_USER_PATHS = NO;
				CLANG_ANALYZER_NONNULL = YES;
				CLANG_ANALYZER_NUMBER_OBJECT_CONVERSION = YES_AGGRESSIVE;
				CLANG_CXX_LANGUAGE_STANDARD = "gnu++14";
				CLANG_CXX_LIBRARY = "libc++";
				CLANG_ENABLE_MODULES = YES;
				CLANG_ENABLE_OBJC_ARC = YES;
				CLANG_ENABLE_OBJC_WEAK = YES;
				CLANG_WARN_BLOCK_CAPTURE_AUTORELEASING = YES;
				CLANG_WARN_BOOL_CONVERSION = YES;
				CLANG_WARN_COMMA = YES;
				CLANG_WARN_CONSTANT_CONVERSION = YES;
				CLANG_WARN_DEPRECATED_OBJC_IMPLEMENTATIONS = YES;
				CLANG_WARN_DIRECT_OBJC_ISA_USAGE = YES_ERROR;
				CLANG_WARN_DOCUMENTATION_COMMENTS = YES;
				CLANG_WARN_EMPTY_BODY = YES;
				CLANG_WARN_ENUM_CONVERSION = YES;
				CLANG_WARN_INFINITE_RECURSION = YES;
				CLANG_WARN_INT_CONVERSION = YES;
				CLANG_WARN_NON_LITERAL_NULL_CONVERSION = YES;
				CLANG_WARN_OBJC_IMPLICIT_RETAIN_SELF = YES;
				CLANG_WARN_OBJC_LITERAL_CONVERSION = YES;
				CLANG_WARN_OBJC_ROOT_CLASS = YES_ERROR;
				CLANG_WARN_RANGE_LOOP_ANALYSIS = YES;
				CLANG_WARN_STRICT_PROTOTYPES = YES;
				CLANG_WARN_SUSPICIOUS_MOVE = YES;
				CLANG_WARN_UNGUARDED_AVAILABILITY = YES_AGGRESSIVE;
				CLANG_WARN_UNREACHABLE_CODE = YES;
				CLANG_WARN__DUPLICATE_METHOD_MATCH = YES;
				COPY_PHASE_STRIP = NO;
				DEBUG_INFORMATION_FORMAT = "dwarf-with-dsym";
				ENABLE_NS_ASSERTIONS = NO;
				ENABLE_STRICT_OBJC_MSGSEND = YES;
				GCC_C_LANGUAGE_STANDARD = gnu11;
				GCC_NO_COMMON_BLOCKS = YES;
				GCC_WARN_64_TO_32_BIT_CONVERSION = YES;
				GCC_WARN_ABOUT_RETURN_TYPE = YES_ERROR;
				GCC_WARN_UNDECLARED_SELECTOR = YES;
				GCC_WARN_UNINITIALIZED_AUTOS = YES_AGGRESSIVE;
				GCC_WARN_UNUSED_FUNCTION = YES;
				GCC_WARN_UNUSED_VARIABLE = YES;
				IPHONEOS_DEPLOYMENT_TARGET = 13.1;
				MTL_ENABLE_DEBUG_INFO = NO;
				MTL_FAST_MATH = YES;
				SDKROOT = iphoneos;
				SWIFT_COMPILATION_MODE = wholemodule;
				SWIFT_OPTIMIZATION_LEVEL = "-O";
				VALIDATE_PRODUCT = YES;
			};
			name = Release;
		};
		FB710B2724534ABE0018D119 /* Debug */ = {
			isa = XCBuildConfiguration;
			baseConfigurationReference = CD91A44821A2FB04B555A3A9 /* Pods-To-Do-Firebase.debug.xcconfig */;
			buildSettings = {
				ASSETCATALOG_COMPILER_APPICON_NAME = AppIcon;
				CODE_SIGN_IDENTITY = "Apple Development";
				CODE_SIGN_STYLE = Automatic;
				DEVELOPMENT_ASSET_PATHS = "\"To-Do-Firebase/Preview Content\"";
				DEVELOPMENT_TEAM = VAM3A58Y83;
				ENABLE_PREVIEWS = YES;
				INFOPLIST_FILE = "To-Do-Firebase/Info.plist";
				LD_RUNPATH_SEARCH_PATHS = (
					"$(inherited)",
					"@executable_path/Frameworks",
				);
				PRODUCT_BUNDLE_IDENTIFIER = "edu.nyu.cs.kc3585.To-Do-Firebase";
				PRODUCT_NAME = "To Do List";
				PROVISIONING_PROFILE_SPECIFIER = "";
				SWIFT_VERSION = 5.0;
				TARGETED_DEVICE_FAMILY = "1,2";
			};
			name = Debug;
		};
		FB710B2824534ABE0018D119 /* Release */ = {
			isa = XCBuildConfiguration;
			baseConfigurationReference = F1F773723D9A50819B877483 /* Pods-To-Do-Firebase.release.xcconfig */;
			buildSettings = {
				ASSETCATALOG_COMPILER_APPICON_NAME = AppIcon;
				CODE_SIGN_IDENTITY = "Apple Development";
				CODE_SIGN_STYLE = Automatic;
				DEVELOPMENT_ASSET_PATHS = "\"To-Do-Firebase/Preview Content\"";
				DEVELOPMENT_TEAM = VAM3A58Y83;
				ENABLE_PREVIEWS = YES;
				INFOPLIST_FILE = "To-Do-Firebase/Info.plist";
				LD_RUNPATH_SEARCH_PATHS = (
					"$(inherited)",
					"@executable_path/Frameworks",
				);
				PRODUCT_BUNDLE_IDENTIFIER = "edu.nyu.cs.kc3585.To-Do-Firebase";
				PRODUCT_NAME = "To Do List";
				PROVISIONING_PROFILE_SPECIFIER = "";
				SWIFT_VERSION = 5.0;
				TARGETED_DEVICE_FAMILY = "1,2";
			};
			name = Release;
		};
/* End XCBuildConfiguration section */

/* Begin XCConfigurationList section */
		FB710B0D24534ABC0018D119 /* Build configuration list for PBXProject "To-Do-Firebase" */ = {
			isa = XCConfigurationList;
			buildConfigurations = (
				FB710B2424534ABE0018D119 /* Debug */,
				FB710B2524534ABE0018D119 /* Release */,
			);
			defaultConfigurationIsVisible = 0;
			defaultConfigurationName = Release;
		};
		FB710B2624534ABE0018D119 /* Build configuration list for PBXNativeTarget "To-Do-Firebase" */ = {
			isa = XCConfigurationList;
			buildConfigurations = (
				FB710B2724534ABE0018D119 /* Debug */,
				FB710B2824534ABE0018D119 /* Release */,
			);
			defaultConfigurationIsVisible = 0;
			defaultConfigurationName = Release;
		};
/* End XCConfigurationList section */
	};
	rootObject = FB710B0A24534ABC0018D119 /* Project object */;
}
